
Microsoft Visual Studio Solution File, Format Version 12.00
# Visual Studio Version 16
VisualStudioVersion = 16.0.30523.141
MinimumVisualStudioVersion = 10.0.40219.1
Project("{9A19103F-16F7-4668-BE54-9A1E7A4F7556}") = "VideoGames", "VideoGames.csproj", "{452C82B0-AE84-4261-A7A6-7028C0348F12}"
EndProject
Project("{9A19103F-16F7-4668-BE54-9A1E7A4F7556}") = "VideogamesLibraryUnitTests.Tests", "..\VideogamesLibraryUnitTests.Tests\VideogamesLibraryUnitTests.Tests.csproj", "{F0AA2ED1-4601-48B9-A115-C0FAD4C126C6}"
EndProject
Global
	GlobalSection(SolutionConfigurationPlatforms) = preSolution
		Debug|Any CPU = Debug|Any CPU
		Release|Any CPU = Release|Any CPU
	EndGlobalSection
	GlobalSection(ProjectConfigurationPlatforms) = postSolution
		{452C82B0-AE84-4261-A7A6-7028C0348F12}.Debug|Any CPU.ActiveCfg = Debug|Any CPU
		{452C82B0-AE84-4261-A7A6-7028C0348F12}.Debug|Any CPU.Build.0 = Debug|Any CPU
		{452C82B0-AE84-4261-A7A6-7028C0348F12}.Release|Any CPU.ActiveCfg = Release|Any CPU
		{452C82B0-AE84-4261-A7A6-7028C0348F12}.Release|Any CPU.Build.0 = Release|Any CPU
		{F0AA2ED1-4601-48B9-A115-C0FAD4C126C6}.Debug|Any CPU.ActiveCfg = Debug|Any CPU
		{F0AA2ED1-4601-48B9-A115-C0FAD4C126C6}.Debug|Any CPU.Build.0 = Debug|Any CPU
		{F0AA2ED1-4601-48B9-A115-C0FAD4C126C6}.Release|Any CPU.ActiveCfg = Release|Any CPU
		{F0AA2ED1-4601-48B9-A115-C0FAD4C126C6}.Release|Any CPU.Build.0 = Release|Any CPU
	EndGlobalSection
	GlobalSection(SolutionProperties) = preSolution
		HideSolutionNode = FALSE
	EndGlobalSection
	GlobalSection(ExtensibilityGlobals) = postSolution
		SolutionGuid = {75E2A647-46CD-47C1-B7C9-6C54CA62B574}
	EndGlobalSection
EndGlobal
